{
  "name": "new_app",
  "lockfileVersion": 2,
  "requires": true,
  "packages": {
    "": {
      "dependencies": {
        "zcatalyst-sdk-node": "^2.2.1"
      }
    },
    "node_modules/zcatalyst-sdk-node": {
      "version": "2.2.1",
      "resolved": "https://registry.npmjs.org/zcatalyst-sdk-node/-/zcatalyst-sdk-node-2.2.1.tgz",
      "integrity": "sha512-1pDSshhejxc9OeNgteUM9kkqDsKBL+1dyyUBtsL5tzI8cuzS/pPhdNPMEkmZru/x7+LlgJQnt59Ti/CYlBqrww==",
      "engines": {
        "node": ">=10.0.0"
      }
    }
  },
  "dependencies": {
    "zcatalyst-sdk-node": {
      "version": "2.2.1",
      "resolved": "https://registry.npmjs.org/zcatalyst-sdk-node/-/zcatalyst-sdk-node-2.2.1.tgz",
      "integrity": "sha512-1pDSshhejxc9OeNgteUM9kkqDsKBL+1dyyUBtsL5tzI8cuzS/pPhdNPMEkmZru/x7+LlgJQnt59Ti/CYlBqrww=="
    }
  }
}
